
Microsoft Visual Studio Solution File, Format Version 12.00
# Visual Studio Version 17
VisualStudioVersion = 17.4.33122.133
MinimumVisualStudioVersion = 10.0.40219.1
Project("{FAE04EC0-301F-11D3-BF4B-00C04F79EFBC}") = "NotesAPI", "NotesAPI\NotesAPI.csproj", "{DF5BE302-FFAC-4ED9-8D1F-9220651862BB}"
EndProject
Global
	GlobalSection(SolutionConfigurationPlatforms) = preSolution
		Debug|Any CPU = Debug|Any CPU
		Release|Any CPU = Release|Any CPU
	EndGlobalSection
	GlobalSection(ProjectConfigurationPlatforms) = postSolution
		{DF5BE302-FFAC-4ED9-8D1F-9220651862BB}.Debug|Any CPU.ActiveCfg = Debug|Any CPU
		{DF5BE302-FFAC-4ED9-8D1F-9220651862BB}.Debug|Any CPU.Build.0 = Debug|Any CPU
		{DF5BE302-FFAC-4ED9-8D1F-9220651862BB}.Release|Any CPU.ActiveCfg = Release|Any CPU
		{DF5BE302-FFAC-4ED9-8D1F-9220651862BB}.Release|Any CPU.Build.0 = Release|Any CPU
	EndGlobalSection
	GlobalSection(SolutionProperties) = preSolution
		HideSolutionNode = FALSE
	EndGlobalSection
	GlobalSection(ExtensibilityGlobals) = postSolution
		SolutionGuid = {7CD58C65-4E6C-4C63-889D-62E4E3700E82}
	EndGlobalSection
EndGlobal
